lockfileVersion: '9.0'

settings:
  autoInstallPeers: true
  excludeLinksFromLockfile: false

importers:

  .:
    dependencies:
      '@ansible/ansible-language-server':
        specifier: 26.6.0
        version: 26.6.0

packages:

  '@ansible/ansible-language-server@26.6.0':
    resolution: {integrity: sha512-DPTmckrnNCf8KdeSu9pE/mjnovSL28InnQhDS2lsuDrLI8obapMxAU0KLDYnC++aTjCK8bZhhkR5HFh3lDddqw==}
    engines: {node: '>=24.0', npm: '>=7.11.2'}
    hasBin: true

  '@flatten-js/interval-tree@2.0.3':
    resolution: {integrity: sha512-Lv3eaITqU20WD+5W8L7JeJdjDXC9hfTUEzY0cRLx/sXj1+P3XdK6Fig4UdxvsekakTK8XeOwnpAKEpTI728U4g==}
    engines: {node: '>=16.0.0'}

  ajv-formats@3.0.1:
    resolution: {integrity: sha512-8iUql50EUR+uUcdRQ3HDqa6EVyo3docL8g5WJ3FNcWmu62IbkGUue/pEyLBW8VGKKucTPgqeks4fIU1DA4yowQ==}
    peerDependencies:
      ajv: ^8.0.0
    peerDependenciesMeta:
      ajv:
        optional: true

  ajv@8.20.0:
    resolution: {integrity: sha512-Thbli+OlOj+iMPYFBVBfJ3OmCAnaSyNn4M1vz9T6Gka5Jt9ba/HIR56joy65tY6kx/FCF5VXNB819Y7/GUrBGA==}

  antsibull-docs@1.1.4:
    resolution: {integrity: sha512-fEHQ8SuovmOSPBv9yHl4Wwgloy4X96gaATGo1l3LePbifFusAzR3SL3opWGi23/gDTycMPsJUqbqldgers6SEw==}

  balanced-match@4.0.4:
    resolution: {integrity: sha512-BLrgEcRTwX2o6gGxGOCNyMvGSp35YofuYzw9h1IMTRmKqttAZZVU67bdb9Pr2vUHA8+j3i2tJfjO6C6+4myGTA==}
    engines: {node: 18 || 20 || >=22}

  brace-expansion@5.0.12:
    resolution: {integrity: sha512-YovQ3rzhaLMIrDjNDMkNS01tea93qhEhG5xy8f6+R0l+dw3Ki+5sCoIoI942iuLZTHWogWktgwVDhU09iNEimQ==}
    engines: {node: 20 || >=22}

  fast-deep-equal@3.1.3:
    resolution: {integrity: sha512-f3qQ9oQy9j2AhBe/H9VC91wLmKBCCU/gDOnKNAYG5hswO7BLKj09Hc5HYNz9cGI++xlpDCIgDaitVs03ATR84Q==}

  fast-uri@3.1.8:
    resolution: {integrity: sha512-GZMtZUTNRpOVIECoXwLNZS5xUGE+mVNbTB8h/7Rwh2TFWcBQiPzTgyZi05BF9UMZKkLJv8XBRJTlU7zg8+ZfMg==}

  glob@13.0.6:
    resolution: {integrity: sha512-Wjlyrolmm8uDpm/ogGyXZXb1Z+Ca2B8NbJwqBVg0axK9GbBeoS7yGV6vjXnYdGm6X53iehEuxxbyiKp8QmN4Vw==}
    engines: {node: 18 || 20 || >=22}

  handlebars@4.7.9:
    resolution: {integrity: sha512-4E71E0rpOaQuJR2A3xDZ+GM1HyWYv1clR58tC8emQNeQe3RH7MAzSbat+V0wG78LQBo6m6bzSG/L4pBuCsgnUQ==}
    engines: {node: '>=0.4.7'}
    hasBin: true

  ini@7.0.0:
    resolution: {integrity: sha512-ifK0CgjALofS5bkrcTy4RaQ9Vx2Knf/eLeIO+NaswQEpH1UblrtTSCIvN71qQDMq0PeQ/SSPojvEJp9vvvfr+w==}
    engines: {node: ^22.22.2 || ^24.15.0 || >=26.0.0}

  json-schema-traverse@1.0.0:
    resolution: {integrity: sha512-NM8/P9n3XjXhIZn1lLhkFaACTOURQXjWhV4BA/RnOv8xvgqtqpAX9IO4mRQxSx1Rlo4tqzeqb0sOlruaOy3dug==}

  lodash@4.18.1:
    resolution: {integrity: sha512-dMInicTPVE8d1e5otfwmmjlxkZoUpiVLwyeTdUsi/Caj/gfzzblBcCE5sRHV/AsjuCmxWrte2TNGSYuCeCq+0Q==}

  lru-cache@11.5.3:
    resolution: {integrity: sha512-U4N8FgzmWxc8k1VH8Kr6lQg18U7Fjvby6wXHVRX/ZZ7IwWbRMgrRbP0Wrb5q5NVinryp4SQampHKdvtecItxUg==}
    engines: {node: 20 || >=22}

  minimatch@10.2.6:
    resolution: {integrity: sha512-vpLQEs+VLCr1nU0BXS07maYoFwlDAH0gngQuuttxIwutDFEMHq2blX+8vpgxDdK3J1PwjCJiep77OitTZ4Ll1A==}
    engines: {node: 18 || 20 || >=22}

  minimist@1.2.8:
    resolution: {integrity: sha512-2yyAR8qBkN3YuheJanUpWC5U3bb5osDywNB8RzDVlDwDHbocAJveqqj1u8+SVD7jkWT4yvsHCpWqqWqAxb0zCA==}

  minipass@7.1.3:
    resolution: {integrity: sha512-tEBHqDnIoM/1rXME1zgka9g6Q2lcoCkxHLuc7ODJ5BxbP5d4c2Z5cGgtXAku59200Cx7diuHTOYfSBD8n6mm8A==}
    engines: {node: '>=16 || 14 >=14.17'}

  neo-async@2.6.2:
    resolution: {integrity: sha512-Yd3UES5mWCSqR+qNT93S3UoYUkqAZ9lLg8a7g9rimsWmYGK8cVToA4/sF3RrshdyV3sAGMXVUmpMYOw+dLpOuw==}

  path-scurry@2.0.2:
    resolution: {integrity: sha512-3O/iVVsJAPsOnpwWIeD+d6z/7PmqApyQePUtCndjatj/9I5LylHvt5qluFaBT3I5h3r1ejfR056c+FCv+NnNXg==}
    engines: {node: 18 || 20 || >=22}

  require-from-string@2.0.2:
    resolution: {integrity: sha512-Xf0nWe6RseziFMu+Ap9biiUbmplq6S9/p+7w7YXP/JBHhrUDDUhwa+vANyubuqfZWTveU//DYVGsDG7RKL/vEw==}
    engines: {node: '>=0.10.0'}

  shell-quote@1.11.0:
    resolution: {integrity: sha512-JdxDPD0DBTyu08pq0kPC0xSNet/qsU07qT6IsX1AS8oO2ICNRY4ldNa8OAI6PuwAH8tG3lxEhbqmyp4Dw4036g==}
    engines: {node: '>= 0.4'}

  source-map@0.6.1:
    resolution: {integrity: sha512-UjgapumWlbMhkBgzT7Ykc5YXUT46F0iKu8SGXq0bcwP5dz/h0Plj6enJqjz1Zbq2l5WaqYnrVbwWOWMyF3F47g==}
    engines: {node: '>=0.10.0'}

  tslib@2.8.1:
    resolution: {integrity: sha512-oJFu94HQb+KVduSUQL7wnpmqnfmLsOA/nAh6b6EH0wCEoK0/mPeXU6c3wKDV83MkOuHPRHtSXKKU99IBazS/2w==}

  uglify-js@3.19.3:
    resolution: {integrity: sha512-v3Xu+yuwBXisp6QYTcH4UbH+xYJXqnq2m/LtQVWKWzYc1iehYnLixoQDN9FH6/j9/oybfd6W9Ghwkl8+UMKTKQ==}
    engines: {node: '>=0.8.0'}
    hasBin: true

  uuid@14.0.2:
    resolution: {integrity: sha512-xZe/16rV4aa+HGSOCiY2YeLT1OybRLrrkL/Rqaq7p7GMVXjFh+6wN4oMYgjFmnSnhY8t6Xpdl2l9qmnHYuMHwQ==}
    hasBin: true

  vscode-jsonrpc@8.2.0:
    resolution: {integrity: sha512-C+r0eKJUIfiDIfwJhria30+TYWPtuHJXHtI7J0YlOmKAo7ogxP20T0zxB7HZQIFhIyvoBPwWskjxrvAtfjyZfA==}
    engines: {node: '>=14.0.0'}

  vscode-jsonrpc@9.0.3:
    resolution: {integrity: sha512-qETYf9PCl1lVfwR+oBmMfc4vP2nqLNA35ABxorw3j06+xlKRgDVxbLgKm4Y/xPL0YWdeDjLoI4ImICIT3nB0zQ==}
    engines: {node: '>=14.0.0'}

  vscode-languageserver-protocol@3.17.5:
    resolution: {integrity: sha512-mb1bvRJN8SVznADSGWM9u/b07H7Ecg0I3OgXDuLdn307rl/J3A9YD6/eYOssqhecL27hK1IPZAsaqh00i/Jljg==}

  vscode-languageserver-protocol@3.18.4:
    resolution: {integrity: sha512-CCXbyr99dafRJzJH/0Ryk7ly5T8XPmSR0//OuF2w4m+9JiOin7zcAT5iET8GRE7Z9taFBejb3GbM0a0mbjdbrg==}

  vscode-languageserver-textdocument@1.0.15:
    resolution: {integrity: sha512-Gsfr9S8LU3S6885cS+NaleasJ0n3V5y/SOTqHCifQiXWFw3G9w9/YItDfwHrlCz+dSZWWZ8ilYVMcJe7Sz7Sxw==}

  vscode-languageserver-types@3.17.5:
    resolution: {integrity: sha512-Ld1VelNuX9pdF39h2Hgaeb5hEZM2Z3jUrrMgWQAu82jMtZp7p3vJT3BzToKtZI7NgQssZje5o0zryOrhQvzQAg==}

  vscode-languageserver-types@3.18.4:
    resolution: {integrity: sha512-nQsacoiijvl0fRf2q28uFDrAVwRhdCa3QveiF7/CX0r18mLR5FU/1WskSsCKOjmEbtteKUnY8x8Yzxop+k0zwg==}

  vscode-languageserver@9.0.1:
    resolution: {integrity: sha512-woByF3PDpkHFUreUa7Hos7+pUWdeWMXRd26+ZX2A8cFx6v/JPTtd4/uN0/jB6XQHYaOlHbio03NTHCqrgG5n7g==}
    hasBin: true

  vscode-uri@3.2.0:
    resolution: {integrity: sha512-m2gXo3bn0G1kT9InzMf07fTbqMbGtyckj3bH5ktLO+1Ssv+yiATZ4dhwaQv9UZWxJh6E9IFGnQyjgWVDWVBDrg==}

  wordwrap@1.0.0:
    resolution: {integrity: sha512-gvVzJFlPycKc5dZN4yPkP8w7Dc37BtP1yczEneOb4uq34pXZcvrtRTmWV8W+Ume+XCxKgbjM+nevkyFPMybd4Q==}

  yaml@2.9.1:
    resolution: {integrity: sha512-3NxN8+78OdzbT7C/WjGsyfPAtJaN3FNDsWxv7Y7mcDsT/oOmgW8BpyQQFFBnvZE3j9Y2Sdz1ULFLezL7Eb2yFw==}
    engines: {node: '>= 14.6'}
    hasBin: true

snapshots:

  '@ansible/ansible-language-server@26.6.0':
    dependencies:
      '@flatten-js/interval-tree': 2.0.3
      ajv: 8.20.0
      ajv-formats: 3.0.1(ajv@8.20.0)
      antsibull-docs: 1.1.4
      glob: 13.0.6
      handlebars: 4.7.9
      ini: 7.0.0
      lodash: 4.18.1
      shell-quote: 1.11.0
      uuid: 14.0.2
      vscode-languageserver: 9.0.1
      vscode-languageserver-protocol: 3.18.4
      vscode-languageserver-textdocument: 1.0.15
      vscode-languageserver-types: 3.18.4
      vscode-uri: 3.2.0
      yaml: 2.9.1

  '@flatten-js/interval-tree@2.0.3':
    dependencies:
      tslib: 2.8.1

  ajv-formats@3.0.1(ajv@8.20.0):
    dependencies:
      ajv: 8.20.0

  ajv@8.20.0:
    dependencies:
      fast-deep-equal: 3.1.3
      fast-uri: 3.1.8
      json-schema-traverse: 1.0.0
      require-from-string: 2.0.2

  antsibull-docs@1.1.4: {}

  balanced-match@4.0.4: {}

  brace-expansion@5.0.12:
    dependencies:
      balanced-match: 4.0.4

  fast-deep-equal@3.1.3: {}

  fast-uri@3.1.8: {}

  glob@13.0.6:
    dependencies:
      minimatch: 10.2.6
      minipass: 7.1.3
      path-scurry: 2.0.2

  handlebars@4.7.9:
    dependencies:
      minimist: 1.2.8
      neo-async: 2.6.2
      source-map: 0.6.1
      wordwrap: 1.0.0
    optionalDependencies:
      uglify-js: 3.19.3

  ini@7.0.0: {}

  json-schema-traverse@1.0.0: {}

  lodash@4.18.1: {}

  lru-cache@11.5.3: {}

  minimatch@10.2.6:
    dependencies:
      brace-expansion: 5.0.12

  minimist@1.2.8: {}

  minipass@7.1.3: {}

  neo-async@2.6.2: {}

  path-scurry@2.0.2:
    dependencies:
      lru-cache: 11.5.3
      minipass: 7.1.3

  require-from-string@2.0.2: {}

  shell-quote@1.11.0: {}

  source-map@0.6.1: {}

  tslib@2.8.1: {}

  uglify-js@3.19.3:
    optional: true

  uuid@14.0.2: {}

  vscode-jsonrpc@8.2.0: {}

  vscode-jsonrpc@9.0.3: {}

  vscode-languageserver-protocol@3.17.5:
    dependencies:
      vscode-jsonrpc: 8.2.0
      vscode-languageserver-types: 3.17.5

  vscode-languageserver-protocol@3.18.4:
    dependencies:
      vscode-jsonrpc: 9.0.3
      vscode-languageserver-types: 3.18.4

  vscode-languageserver-textdocument@1.0.15: {}

  vscode-languageserver-types@3.17.5: {}

  vscode-languageserver-types@3.18.4: {}

  vscode-languageserver@9.0.1:
    dependencies:
      vscode-languageserver-protocol: 3.17.5

  vscode-uri@3.2.0: {}

  wordwrap@1.0.0: {}

  yaml@2.9.1: {}
