lockfileVersion: '9.0'

settings:
  autoInstallPeers: true
  excludeLinksFromLockfile: false

importers:

  .:
    dependencies:
      '@microsoft/compose-language-service':
        specifier: 1.0.0
        version: 1.0.0

packages:

  '@microsoft/compose-language-service@1.0.0':
    resolution: {integrity: sha512-4RRDYRIrgDyrpijJKvqiTUQZesdGKazkf6j4gfAVTSaepzJiRYpFqvAZ6fwIJKNVVSDAzjTplhhqHA2vzYvilg==}
    engines: {node: '>=22'}
    hasBin: true

  vscode-jsonrpc@9.0.3:
    resolution: {integrity: sha512-qETYf9PCl1lVfwR+oBmMfc4vP2nqLNA35ABxorw3j06+xlKRgDVxbLgKm4Y/xPL0YWdeDjLoI4ImICIT3nB0zQ==}
    engines: {node: '>=14.0.0'}

  vscode-languageserver-protocol@3.18.4:
    resolution: {integrity: sha512-CCXbyr99dafRJzJH/0Ryk7ly5T8XPmSR0//OuF2w4m+9JiOin7zcAT5iET8GRE7Z9taFBejb3GbM0a0mbjdbrg==}

  vscode-languageserver-textdocument@1.0.15:
    resolution: {integrity: sha512-Gsfr9S8LU3S6885cS+NaleasJ0n3V5y/SOTqHCifQiXWFw3G9w9/YItDfwHrlCz+dSZWWZ8ilYVMcJe7Sz7Sxw==}

  vscode-languageserver-types@3.18.4:
    resolution: {integrity: sha512-nQsacoiijvl0fRf2q28uFDrAVwRhdCa3QveiF7/CX0r18mLR5FU/1WskSsCKOjmEbtteKUnY8x8Yzxop+k0zwg==}

  vscode-languageserver@10.1.2:
    resolution: {integrity: sha512-pXPWde3RytdeBVEs6PulOOT5OpeXC5GkWRpcT11f5rNn41jviQsAYPyAqJ/0oVGETQLKPJtYbHNiMPlfLb0NTQ==}
    hasBin: true

  yaml@2.9.1:
    resolution: {integrity: sha512-3NxN8+78OdzbT7C/WjGsyfPAtJaN3FNDsWxv7Y7mcDsT/oOmgW8BpyQQFFBnvZE3j9Y2Sdz1ULFLezL7Eb2yFw==}
    engines: {node: '>= 14.6'}
    hasBin: true

snapshots:

  '@microsoft/compose-language-service@1.0.0':
    dependencies:
      vscode-languageserver: 10.1.2
      vscode-languageserver-protocol: 3.18.4
      vscode-languageserver-textdocument: 1.0.15
      yaml: 2.9.1

  vscode-jsonrpc@9.0.3: {}

  vscode-languageserver-protocol@3.18.4:
    dependencies:
      vscode-jsonrpc: 9.0.3
      vscode-languageserver-types: 3.18.4

  vscode-languageserver-textdocument@1.0.15: {}

  vscode-languageserver-types@3.18.4: {}

  vscode-languageserver@10.1.2:
    dependencies:
      vscode-languageserver-protocol: 3.18.4

  yaml@2.9.1: {}
