lockfileVersion: '9.0'

settings:
  autoInstallPeers: true
  excludeLinksFromLockfile: false

importers:

  .:
    dependencies:
      dockerfile-language-server-nodejs:
        specifier: 0.15.0
        version: 0.15.0

packages:

  dockerfile-ast@0.7.1:
    resolution: {integrity: sha512-oX/A4I0EhSkGqrFv0YuvPkBUSYp1XiY8O8zAKc8Djglx8ocz+JfOr8gP0ryRMC2myqvDLagmnZaU9ot1vG2ijw==}

  dockerfile-language-server-nodejs@0.15.0:
    resolution: {integrity: sha512-iS3GUUAn1bC3sDdLyg6CUnIaVQfViJBh+FhWBPftK6kJkhUMxFG2sr25OqMVaZgRsVuJEoNpflgJN3FCbkA01A==}
    hasBin: true

  dockerfile-language-service@0.16.1:
    resolution: {integrity: sha512-4tKDJHXl7BQMSi807TlyJ+4ApH5WkDai2PSFju/pjy7atRchJgn4UrmPlq8E0dVqyZwyTiNfapHxqsUQyQSMOg==}

  dockerfile-utils@0.16.3:
    resolution: {integrity: sha512-BslaqRR6PzCnhu+toDbkVAjq0B0CEgrCltk+enJ/xwCmvAHB1QqpO9QhXVIzMg/iSuD4tzS0Ex9n4Ik5ffI7pA==}
    hasBin: true

  vscode-jsonrpc@8.0.2:
    resolution: {integrity: sha512-RY7HwI/ydoC1Wwg4gJ3y6LpU9FJRZAUnTYMXthqhFXXu77ErDd/xkREpGuk4MyYkk4a+XDWAMqe0S3KkelYQEQ==}
    engines: {node: '>=14.0.0'}

  vscode-languageserver-protocol@3.17.2:
    resolution: {integrity: sha512-8kYisQ3z/SQ2kyjlNeQxbkkTNmVFoQCqkmGrzLH6A9ecPlgTbp3wDTnUNqaUxYr4vlAcloxx8zwy7G5WdguYNg==}

  vscode-languageserver-textdocument@1.0.15:
    resolution: {integrity: sha512-Gsfr9S8LU3S6885cS+NaleasJ0n3V5y/SOTqHCifQiXWFw3G9w9/YItDfwHrlCz+dSZWWZ8ilYVMcJe7Sz7Sxw==}

  vscode-languageserver-textdocument@1.0.8:
    resolution: {integrity: sha512-1bonkGqQs5/fxGT5UchTgjGVnfysL0O8v1AYMBjqTbWQTFn721zaPGDYFkOKtfDgFiSgXM3KwaG3FMGfW4Ed9Q==}

  vscode-languageserver-types@3.17.2:
    resolution: {integrity: sha512-zHhCWatviizPIq9B7Vh9uvrH6x3sK8itC84HkamnBWoDFJtzBf7SWlpLCZUit72b3os45h6RWQNC9xHRDF8dRA==}

  vscode-languageserver-types@3.17.3:
    resolution: {integrity: sha512-SYU4z1dL0PyIMd4Vj8YOqFvHu7Hz/enbWtpfnVbJHU4Nd1YNYx8u0ennumc6h48GQNeOLxmwySmnADouT/AuZA==}

  vscode-languageserver@8.0.2:
    resolution: {integrity: sha512-bpEt2ggPxKzsAOZlXmCJ50bV7VrxwCS5BI4+egUmure/oI/t4OlFzi/YNtVvY24A2UDOZAgwFGgnZPwqSJubkA==}
    hasBin: true

snapshots:

  dockerfile-ast@0.7.1:
    dependencies:
      vscode-languageserver-textdocument: 1.0.15
      vscode-languageserver-types: 3.17.3

  dockerfile-language-server-nodejs@0.15.0:
    dependencies:
      dockerfile-language-service: 0.16.1
      dockerfile-utils: 0.16.3
      vscode-languageserver: 8.0.2
      vscode-languageserver-textdocument: 1.0.15

  dockerfile-language-service@0.16.1:
    dependencies:
      dockerfile-ast: 0.7.1
      dockerfile-utils: 0.16.3
      vscode-languageserver-textdocument: 1.0.8
      vscode-languageserver-types: 3.17.3

  dockerfile-utils@0.16.3:
    dependencies:
      dockerfile-ast: 0.7.1
      vscode-languageserver-textdocument: 1.0.15
      vscode-languageserver-types: 3.17.3

  vscode-jsonrpc@8.0.2: {}

  vscode-languageserver-protocol@3.17.2:
    dependencies:
      vscode-jsonrpc: 8.0.2
      vscode-languageserver-types: 3.17.2

  vscode-languageserver-textdocument@1.0.15: {}

  vscode-languageserver-textdocument@1.0.8: {}

  vscode-languageserver-types@3.17.2: {}

  vscode-languageserver-types@3.17.3: {}

  vscode-languageserver@8.0.2:
    dependencies:
      vscode-languageserver-protocol: 3.17.2
