# @generated - this file is auto-generated by `mise lock` https://mise.jdx.dev/dev-tools/mise-lock.html

lockfile_version = 3

[[tools.age]]
version = "1.3.2"
backend = "aqua:FiloSottile/age"
specifiers = ["1.3.2"]

[tools.age."platforms.macos-arm64"]
checksum = "sha256:e2020b073c44f692685a24d6abc378817eb81ffaaf49fd0531ef8565f767f2f5"
url = "https://github.com/FiloSottile/age/releases/download/v1.3.2/age-v1.3.2-darwin-arm64.tar.gz"
url_api = "https://api.github.com/repos/FiloSottile/age/releases/assets/535541897"
provenance = "github-attestations"

[[tools."aqua:github/copilot-cli"]]
version = "1.0.91"
backend = "aqua:github/copilot-cli"
specifiers = ["1.0.91"]

[tools."aqua:github/copilot-cli"."platforms.macos-arm64"]
checksum = "sha256:b29e3a9e4176f2e6417504916714328d030f04ac934ff1a2a6ddcad9235c847b"
url = "https://github.com/github/copilot-cli/releases/download/v1.0.91/copilot-darwin-arm64.tar.gz"
url_api = "https://api.github.com/repos/github/copilot-cli/releases/assets/603757338"

[[tools."aqua:kyverno/chainsaw"]]
version = "0.2.15"
backend = "aqua:kyverno/chainsaw"
specifiers = ["0.2.15"]

[tools."aqua:kyverno/chainsaw"."platforms.macos-arm64"]
checksum = "sha256:502bef17dd822217e82590e9ccf01c1e26a56b3fa34a835789b9af73e82a169a"
url = "https://github.com/kyverno/chainsaw/releases/download/v0.2.15/chainsaw_darwin_arm64.tar.gz"
url_api = "https://api.github.com/repos/kyverno/chainsaw/releases/assets/413798810"
provenance = "cosign"

[[tools.ast-grep]]
version = "0.45.3"
backend = "aqua:ast-grep/ast-grep"
specifiers = ["0.45.3"]

[tools.ast-grep."platforms.macos-arm64"]
checksum = "sha256:6d2279dea5bea2ad79c66ea93f5fe54ba926e398a8a26de76c56db68fe59eac6"
url = "https://github.com/ast-grep/ast-grep/releases/download/0.45.3/app-aarch64-apple-darwin.zip"
url_api = "https://api.github.com/repos/ast-grep/ast-grep/releases/assets/537332514"

[[tools.bats]]
version = "1.14.0"
backend = "aqua:bats-core/bats-core"
specifiers = ["1.14.0"]

[tools.bats."platforms.macos-arm64"]
url = "https://github.com/bats-core/bats-core/archive/refs/tags/v1.14.0.tar.gz"
url_api = "https://api.github.com/repos/bats-core/bats-core/tarball/v1.14.0"

[[tools.betterleaks]]
version = "1.9.0"
backend = "aqua:betterleaks/betterleaks"
specifiers = ["1.9.0"]

[tools.betterleaks."platforms.macos-arm64"]
checksum = "sha256:83dd7eaab13d44a1e8e347a17064cdef153a1478db473276d41b38d55613d3f2"
url = "https://github.com/betterleaks/betterleaks/releases/download/v1.9.0/betterleaks_1.9.0_darwin_arm64.tar.gz"
url_api = "https://api.github.com/repos/betterleaks/betterleaks/releases/assets/599108927"
provenance = "cosign"

[[tools.deno]]
version = "2.9.7"
backend = "core:deno"
specifiers = ["2.9.7"]

[tools.deno."platforms.macos-arm64"]
checksum = "sha256:5cd46d6268f6f78f5d88bdc7159d20bd44cdaa4b3303474839f87ec6fe7ae25c"
url = "https://dl.deno.land/release/v2.9.7/deno-aarch64-apple-darwin.zip"

[[tools.dyff]]
version = "1.12.0"
backend = "aqua:homeport/dyff"
specifiers = ["1.12.0"]

[tools.dyff."platforms.macos-arm64"]
checksum = "sha256:3c1bbefb44ec92675c9fc1349a102a41d2568f294fd1fd4e468dc0804944040f"
url = "https://github.com/homeport/dyff/releases/download/v1.12.0/dyff_1.12.0_darwin_arm64.tar.gz"
url_api = "https://api.github.com/repos/homeport/dyff/releases/assets/406097911"

[[tools."gem:mdl"]]
version = "0.18.1"
backend = "gem:mdl"
specifiers = ["0.18.1"]

[[tools."github:uros-5/jinja-lsp"]]
version = "0.2.3"
backend = "github:uros-5/jinja-lsp"
specifiers = ["0.2.3"]

[tools."github:uros-5/jinja-lsp"."platforms.macos-arm64"]
checksum = "sha256:c2ab977b5acac688955ea3c260fe444d049a695357c56b385c0806715360cd62"
url = "https://github.com/uros-5/jinja-lsp/releases/download/v0.2.3/jinja-lsp-aarch64-apple-darwin"
url_api = "https://api.github.com/repos/uros-5/jinja-lsp/releases/assets/463667478"

[[tools.go]]
version = "1.27.1"
backend = "core:go"
specifiers = ["1.27.1"]

[tools.go."platforms.macos-arm64"]
checksum = "sha256:ee215d57e0ec269c60cc9ceca68e6bda321ba9ee5afe24f4b0988703c2d87d12"
url = "https://dl.google.com/go/go1.27.1.darwin-arm64.tar.gz"

[[tools.hadolint]]
version = "2.15.1"
backend = "aqua:hadolint/hadolint"
specifiers = ["2.15.1"]

[tools.hadolint."platforms.macos-arm64"]
checksum = "sha256:5c09f3213f8e40406abe048233d985eebef336d4a6a20021be47fadb6cf480a2"
url = "https://github.com/hadolint/hadolint/releases/download/v2.15.1/hadolint-macos-arm64"
url_api = "https://api.github.com/repos/hadolint/hadolint/releases/assets/496546505"
provenance = "github-attestations"

[[tools.helm]]
version = "4.3.0"
backend = "aqua:helm/helm"
specifiers = ["4.3.0"]

[tools.helm."platforms.macos-arm64"]
checksum = "sha256:d3870437e1e95b67f8edbde964156c84a26503f560821d40c542441658934fba"
url = "https://get.helm.sh/helm-v4.3.0-darwin-arm64.tar.gz"

[[tools.helm-ls]]
version = "0.5.4"
backend = "aqua:mrjosh/helm-ls"
specifiers = ["0.5.4"]

[tools.helm-ls."platforms.macos-arm64"]
checksum = "sha256:8d917fedac8aa7c0199bccb5fc54df68303d215d2c76a47b59094ea272e250c1"
url = "https://github.com/mrjosh/helm-ls/releases/download/v0.5.4/helm_ls_darwin_arm64"
url_api = "https://api.github.com/repos/mrjosh/helm-ls/releases/assets/321167501"

[[tools.imgpkg]]
version = "0.48.2"
backend = "aqua:carvel-dev/imgpkg"
specifiers = ["0.48.2"]

[tools.imgpkg."platforms.macos-arm64"]
checksum = "sha256:c14c6f21d543c69b2e5ed4f0153e5c2a1371ac39dcc44ee9fdcf1c3339ba77e7"
url = "https://github.com/carvel-dev/imgpkg/releases/download/v0.48.2/imgpkg-darwin-arm64"
url_api = "https://api.github.com/repos/carvel-dev/imgpkg/releases/assets/585328549"

[[tools.jq]]
version = "1.8.2"
backend = "aqua:jqlang/jq"
specifiers = ["1.8.2"]

[tools.jq."platforms.macos-arm64"]
checksum = "sha256:2d75340ba57a4b4b4c8708a21c2dc8e958a48aaa8bba13b27f77f6e4c0eca07e"
url = "https://github.com/jqlang/jq/releases/download/jq-1.8.2/jq-macos-arm64"
url_api = "https://api.github.com/repos/jqlang/jq/releases/assets/453012783"
provenance = "github-attestations"

[[tools.kapp]]
version = "0.65.4"
backend = "aqua:carvel-dev/kapp"
specifiers = ["0.65.4"]

[tools.kapp."platforms.macos-arm64"]
checksum = "sha256:a7ecd6a2ac62fdce02bb40784f2701e2421539e4bae6c3cd58dc8e943170c666"
url = "https://github.com/carvel-dev/kapp/releases/download/v0.65.4/kapp-darwin-arm64"
url_api = "https://api.github.com/repos/carvel-dev/kapp/releases/assets/529045931"

[[tools.kbld]]
version = "0.49.2"
backend = "aqua:carvel-dev/kbld"
specifiers = ["0.49.2"]

[tools.kbld."platforms.macos-arm64"]
checksum = "sha256:6c51db7c284d20baa78ac7f616dbbe2794b934659972618a3887bb5e234ad03e"
url = "https://github.com/carvel-dev/kbld/releases/download/v0.49.2/kbld-darwin-arm64"
url_api = "https://api.github.com/repos/carvel-dev/kbld/releases/assets/598037539"

[[tools.krew]]
version = "0.5.0"
backend = "aqua:kubernetes-sigs/krew"
specifiers = ["0.5.0"]

[tools.krew."platforms.macos-arm64"]
checksum = "sha256:cd6e58b4e954e301abd19001d772846997216d696bcaa58f0bcf04708339ece3"
url = "https://github.com/kubernetes-sigs/krew/releases/download/v0.5.0/krew-darwin_arm64.tar.gz"
url_api = "https://api.github.com/repos/kubernetes-sigs/krew/releases/assets/362537139"

[[tools.kubeconform]]
version = "0.8.0"
backend = "aqua:yannh/kubeconform"
specifiers = ["0.8.0"]

[tools.kubeconform."platforms.macos-arm64"]
checksum = "sha256:f84f4dfbebf4a6b0b230385fa065a39ea35e02608c2b50d025dcf64775a69d67"
url = "https://github.com/yannh/kubeconform/releases/download/v0.8.0/kubeconform-darwin-arm64.tar.gz"
url_api = "https://api.github.com/repos/yannh/kubeconform/releases/assets/438612680"

[[tools.kubectl]]
version = "1.37.1"
backend = "aqua:kubernetes/kubernetes/kubectl"
specifiers = ["1.37.1"]

[tools.kubectl."platforms.macos-arm64"]
checksum = "sha256:fd65982c97ddad3106754b69ffa196d0e543aa591930ae52aed1adfb92f8c77f"
url = "https://dl.k8s.io/v1.37.1/bin/darwin/arm64/kubectl"

[[tools.kyverno]]
version = "1.19.1"
backend = "aqua:kyverno/kyverno"
specifiers = ["1.19.1"]

[tools.kyverno."platforms.macos-arm64"]
checksum = "sha256:2cf5febbedaafca5d3c7819925a49f9723bf4c3337a1327b6f72970480af385a"
url = "https://github.com/kyverno/kyverno/releases/download/v1.19.1/kyverno-cli_v1.19.1_darwin_arm64.tar.gz"
url_api = "https://api.github.com/repos/kyverno/kyverno/releases/assets/554402257"
provenance = "cosign"

[[tools.lua-language-server]]
version = "3.19.1"
backend = "aqua:LuaLS/lua-language-server"
specifiers = ["3.19.1"]

[tools.lua-language-server."platforms.macos-arm64"]
checksum = "sha256:0bc077f4447f076b4c92c14e9fd303f5b569eda2ec74b4dca2b55f75fae2e90c"
url = "https://github.com/LuaLS/lua-language-server/releases/download/3.19.1/lua-language-server-3.19.1-darwin-arm64.tar.gz"
url_api = "https://api.github.com/repos/LuaLS/lua-language-server/releases/assets/513570627"

[[tools.node]]
version = "24.21.0"
backend = "core:node"
specifiers = ["24.21.0"]

[tools.node."platforms.macos-arm64"]
checksum = "sha256:bed7eea5325e1108f32ce5228ddd6a5f0f08a499ee42aa7442aea583702f6057"
url = "https://nodejs.org/dist/v24.21.0/node-v24.21.0-darwin-arm64.tar.gz"

[[tools."npm:@ansible/ansible-language-server"]]
version = "26.6.0"
aube = { path = "locks/npm-ansible-ansible-language-server/26.6.0", digest = "sha256:648e8c147598086c1db4bc9b51cdd61e0db21e067c790f166a39b0d53c6faf18" }
backend = "npm:@ansible/ansible-language-server"
specifiers = ["26.6.0"]

[[tools."npm:@microsoft/compose-language-service"]]
version = "1.0.0"
aube = { path = "locks/npm-microsoft-compose-language-service/1.0.0", digest = "sha256:5cf7d152e8706aaf4d8bbf4f9fd956d0bc6dfe6928f070c11850ea71707e47fd" }
backend = "npm:@microsoft/compose-language-service"
specifiers = ["1.0.0"]

[[tools."npm:bash-language-server"]]
version = "5.8.1"
aube = { path = "locks/npm-bash-language-server/5.8.1", digest = "sha256:8884e71e19a3bb70df45b356a06194f6c0cf3e99f83f1332f8ca26a62eacb6ef" }
backend = "npm:bash-language-server"
specifiers = ["5.8.1"]

[[tools."npm:dockerfile-language-server-nodejs"]]
version = "0.15.0"
aube = { path = "locks/npm-dockerfile-language-server-nodejs/0.15.0", digest = "sha256:9a867659d6a30001d7bd5cf2c045ff2013edf031c4c92345f6b928ad499d6f97" }
backend = "npm:dockerfile-language-server-nodejs"
specifiers = ["0.15.0"]

[[tools."npm:eslint"]]
version = "10.12.0"
aube = { path = "locks/npm-eslint/10.12.0", digest = "sha256:58d62d1f5b8594eefa17c5bbf495e0cb8d2b3f5f7a783f63857ea13d9f87bafe" }
backend = "npm:eslint"
specifiers = ["10.12.0"]

[[tools."npm:fish-lsp"]]
version = "1.1.4"
aube = { path = "locks/npm-fish-lsp/1.1.4", digest = "sha256:344922743f91cd4529700ed91b232d4e74880bc96ff06ce49588f5f2cfee80f6" }
backend = "npm:fish-lsp"
specifiers = ["1.1.4"]

[[tools."npm:prettier"]]
version = "3.9.9"
aube = { path = "locks/npm-prettier/3.9.9", digest = "sha256:815f6667505e41ac2d03ecbac86b79f1beb78d45783879428193c9adc80760a3" }
backend = "npm:prettier"
specifiers = ["3.9.9"]

[[tools."npm:vscode-langservers-extracted"]]
version = "4.10.0"
aube = { path = "locks/npm-vscode-langservers-extracted/4.10.0", digest = "sha256:8c37c53ce46961037a4464ce307c15cfe5bd44479ea3b082d3412c0a27b760da" }
backend = "npm:vscode-langservers-extracted"
specifiers = ["4.10.0"]

[[tools."npm:yaml-language-server"]]
version = "1.24.0"
aube = { path = "locks/npm-yaml-language-server/1.24.0", digest = "sha256:31712c1e1e84bba5931a8620976b61fe375f362eee123b94e3393936afc8f7c3" }
backend = "npm:yaml-language-server"
specifiers = ["1.24.0"]

[[tools.prek]]
version = "0.5.5"
backend = "aqua:j178/prek"
specifiers = ["0.5.5"]

[tools.prek."platforms.macos-arm64"]
checksum = "sha256:e4bc3132023b50020e62b073bc3147082828bf250d8b9282850c6f2bed5471b6"
url = "https://github.com/j178/prek/releases/download/v0.5.5/prek-aarch64-apple-darwin.tar.gz"
url_api = "https://api.github.com/repos/j178/prek/releases/assets/611684483"
provenance = "github-attestations"

[[tools."pypi:bandit"]]
version = "1.9.4"
backend = "pypi:bandit"
specifiers = ["1.9.4"]
uv = { path = "locks/pypi-bandit/1.9.4", digest = "sha256:0383c85398935d456289a3d54ecf356bbdee6d70a07ef5062f54b0177a8d3e01" }

[[tools."pypi:codespell"]]
version = "2.4.3"
backend = "pypi:codespell"
specifiers = ["2.4.3"]
uv = { path = "locks/pypi-codespell/2.4.3", digest = "sha256:eef9051c91b82bc682a4db0f8003685d681acb7cee886eac923eb3227fc62aab" }

[[tools."pypi:yamale"]]
version = "6.1.0"
backend = "pypi:yamale"
specifiers = ["6.1.0"]
uv = { path = "locks/pypi-yamale/6.1.0", digest = "sha256:802c56fd42f1619fa7d2124c3e8c21e0e1876cc1ddebb39577d6191b377fab32" }

[[tools."pypi:yamllint"]]
version = "1.38.0"
backend = "pypi:yamllint"
specifiers = ["1.38.0"]
uv = { path = "locks/pypi-yamllint/1.38.0", digest = "sha256:83728cd22912c0db04a450cbdc1c76f9414b3dc37ab5460b72d5dee21f5dd2a0" }

[[tools.python]]
version = "3.14.8"
backend = "core:python"
specifiers = ["3.14.8"]

[tools.python."platforms.macos-arm64"]
checksum = "sha256:ed14e9042f36c0aa18383f5d9729bcbf17847e842666a793b5a5a5d8505c0ca1"
url = "https://github.com/astral-sh/python-build-standalone/releases/download/20261003/cpython-3.14.8+20261003-aarch64-apple-darwin-install_only_stripped.tar.gz"
provenance = "github-attestations"

[[tools.ruby]]
version = "4.0.7"
backend = "core:ruby"
specifiers = ["4.0.7"]

[tools.ruby.options]
compile = "false"
precompiled_url = "jdx/ruby"
ruby_build_repo = "https://github.com/rbenv/ruby-build.git"
ruby_install = "false"

[tools.ruby."platforms.macos-arm64"]
checksum = "sha256:6ad0acc5b0c437a2514679ff9a0f925e8b66ad4e96357e9ae2764b622f5d88d4"
url = "https://github.com/jdx/ruby/releases/download/4.0.7-2/ruby-4.0.7.macos.tar.gz"
provenance = "github-attestations"

[[tools.ruff]]
version = "0.16.10"
backend = "aqua:astral-sh/ruff"
specifiers = ["0.16.10"]

[tools.ruff."platforms.macos-arm64"]
checksum = "sha256:f051cd306de2691262a0574f8857cd1f4d6bfcd448084ea23d61b9c1c37df510"
url = "https://github.com/astral-sh/ruff/releases/download/0.16.10/ruff-aarch64-apple-darwin.tar.gz"
url_api = "https://api.github.com/repos/astral-sh/ruff/releases/assets/603826852"
provenance = "github-attestations"

[[tools.rust]]
version = "1.99.0"
backend = "core:rust"
specifiers = ["1.99.0"]

[tools.rust.options]
components = "rust-analyzer"

[[tools.shellcheck]]
version = "0.11.0"
backend = "aqua:koalaman/shellcheck"
specifiers = ["0.11.0"]

[tools.shellcheck."platforms.macos-arm64"]
checksum = "sha256:56affdd8de5527894dca6dc3d7e0a99a873b0f004d7aabc30ae407d3f48b0a79"
url = "https://github.com/koalaman/shellcheck/releases/download/v0.11.0/shellcheck-v0.11.0.darwin.aarch64.tar.xz"
url_api = "https://api.github.com/repos/koalaman/shellcheck/releases/assets/279056932"

[[tools.shfmt]]
version = "3.14.1"
backend = "aqua:mvdan/sh"
specifiers = ["3.14.1"]

[tools.shfmt."platforms.macos-arm64"]
checksum = "sha256:b7c872db63553ccffc7253aba3ed7d4885a27d83f1ba567b1138c6315a5847e5"
url = "https://github.com/mvdan/sh/releases/download/v3.14.1/shfmt_v3.14.1_darwin_arm64"
url_api = "https://api.github.com/repos/mvdan/sh/releases/assets/547320930"

[[tools.step]]
version = "0.31.0"
backend = "aqua:smallstep/cli"
specifiers = ["0.31.0"]

[tools.step."platforms.macos-arm64"]
checksum = "sha256:99b118794b31357ee9938d3e566aec73b74afad792477f279651a9dcedaa2da5"
url = "https://github.com/smallstep/cli/releases/download/v0.31.0/step_darwin_arm64.tar.gz"
url_api = "https://api.github.com/repos/smallstep/cli/releases/assets/589150231"
provenance = "cosign"

[[tools.stylua]]
version = "2.5.2"
backend = "aqua:JohnnyMorganz/StyLua"
specifiers = ["2.5.2"]

[tools.stylua."platforms.macos-arm64"]
checksum = "sha256:92ff0889e16324801bc072692974bb67f8161e62010fc90f96c62a17f81f32c7"
url = "https://github.com/JohnnyMorganz/StyLua/releases/download/v2.5.2/stylua-macos-aarch64.zip"
url_api = "https://api.github.com/repos/JohnnyMorganz/StyLua/releases/assets/421901102"

[[tools.taplo]]
version = "0.10.0"
backend = "aqua:tamasfe/taplo"
specifiers = ["0.10.0"]

[tools.taplo."platforms.macos-arm64"]
url = "https://github.com/tamasfe/taplo/releases/download/0.10.0/taplo-darwin-aarch64.gz"
url_api = "https://api.github.com/repos/tamasfe/taplo/releases/assets/257323110"

[[tools.task]]
version = "3.54.0"
backend = "aqua:go-task/task"
specifiers = ["3.54.0"]

[tools.task."platforms.macos-arm64"]
checksum = "sha256:12a69fcf37bb8d5bc9150c44f9a936775b73e59ff044c2c245232f198c135637"
url = "https://github.com/go-task/task/releases/download/v3.54.0/task_darwin_arm64.tar.gz"
url_api = "https://api.github.com/repos/go-task/task/releases/assets/604090068"

[[tools.terraform]]
version = "1.16.5"
backend = "aqua:hashicorp/terraform"
specifiers = ["1.16.5"]

[tools.terraform."platforms.macos-arm64"]
checksum = "sha256:ecdef65e24193d627f27c39baeda31295f08c938d8a3d4764f442fb916d4b7dc"
url = "https://releases.hashicorp.com/terraform/1.16.5/terraform_1.16.5_darwin_arm64.zip"

[[tools.terraform-ls]]
version = "0.39.0"
backend = "aqua:hashicorp/terraform-ls"
specifiers = ["0.39.0"]

[tools.terraform-ls."platforms.macos-arm64"]
checksum = "sha256:6f80fe0b34af184175508f3d9135d8159f5dce4000d9b39540553eb1c267c54b"
url = "https://releases.hashicorp.com/terraform-ls/0.39.0/terraform-ls_0.39.0_darwin_arm64.zip"

[[tools.tflint]]
version = "0.64.0"
backend = "aqua:terraform-linters/tflint"
specifiers = ["0.64.0"]

[tools.tflint."platforms.macos-arm64"]
checksum = "sha256:2496e9cb3d24992d553b45e7c87a0fdc9449ca975233876247a9bfeda857e6c0"
url = "https://github.com/terraform-linters/tflint/releases/download/v0.64.0/tflint_darwin_arm64.zip"
url_api = "https://api.github.com/repos/terraform-linters/tflint/releases/assets/480528349"
provenance = "github-attestations"

[[tools.trivy]]
version = "0.75.0"
backend = "aqua:aquasecurity/trivy"
specifiers = ["0.75.0"]

[tools.trivy."platforms.macos-arm64"]
checksum = "sha256:4a77108cccf8e55c8d6823e1e759939a622277e66cd0daa3c1fc621ed69e4568"
url = "https://github.com/aquasecurity/trivy/releases/download/v0.75.0/trivy_0.75.0_macOS-ARM64.tar.gz"
url_api = "https://api.github.com/repos/aquasecurity/trivy/releases/assets/603335435"
provenance = "cosign"

[[tools.uv]]
version = "0.12.23"
backend = "aqua:astral-sh/uv"
specifiers = ["0.12.23"]

[tools.uv."platforms.macos-arm64"]
checksum = "sha256:50487ae565ccd96e499056b4674d438f4c53170202617b4c759defe0c6a1b544"
url = "https://github.com/astral-sh/uv/releases/download/0.12.23/uv-aarch64-apple-darwin.tar.gz"
url_api = "https://api.github.com/repos/astral-sh/uv/releases/assets/608232483"
provenance = "github-attestations"

[[tools.vendir]]
version = "0.46.2"
backend = "aqua:carvel-dev/vendir"
specifiers = ["0.46.2"]

[tools.vendir."platforms.macos-arm64"]
checksum = "sha256:dd77c509214e3a7114d30de4b9a94ba09cdcb84230244589db10448d8c744662"
url = "https://github.com/carvel-dev/vendir/releases/download/v0.46.2/vendir-darwin-arm64"
url_api = "https://api.github.com/repos/carvel-dev/vendir/releases/assets/550375854"

[[tools.yq]]
version = "4.54.1"
backend = "aqua:mikefarah/yq"
specifiers = ["4.54.1"]

[tools.yq."platforms.macos-arm64"]
checksum = "sha256:fee511a181bd8b3e6b7da98842b41973bfac8cd3bcd341ed29a584620b5b2844"
url = "https://github.com/mikefarah/yq/releases/download/v4.54.1/yq_darwin_arm64"
url_api = "https://api.github.com/repos/mikefarah/yq/releases/assets/597222609"
provenance = "cosign"

[[tools.ytt]]
version = "0.55.3"
backend = "aqua:carvel-dev/ytt"
specifiers = ["0.55.3"]

[tools.ytt."platforms.macos-arm64"]
checksum = "sha256:427bffa2b10e7f1bb5cbbe0dc9675fca56ad60f139683d0c6a5428524a4c47a1"
url = "https://github.com/carvel-dev/ytt/releases/download/v0.55.3/ytt-darwin-arm64"
url_api = "https://api.github.com/repos/carvel-dev/ytt/releases/assets/584239386"
